// !$*UTF8*$!
{
	archiveVersion = 1;
	classes = {
	};
	objectVersion = 56;
	objects = {

/* Begin PBXBuildFile section */
		0033E8CF296964690095DF7E /* ErrorModel.swift in Sources */ = {isa = PBXBuildFile; fileRef = 0033E8CA296964690095DF7E /* ErrorModel.swift */; };
		0033E8D0296964690095DF7E /* RequestModel.swift in Sources */ = {isa = PBXBuildFile; fileRef = 0033E8CB296964690095DF7E /* RequestModel.swift */; };
		0033E8D1296964690095DF7E /* FilmsRequest.swift in Sources */ = {isa = PBXBuildFile; fileRef = 0033E8CC296964690095DF7E /* FilmsRequest.swift */; };
		0033E8D2296964690095DF7E /* ServiceManager.swift in Sources */ = {isa = PBXBuildFile; fileRef = 0033E8CD296964690095DF7E /* ServiceManager.swift */; };
		0033E8D3296964690095DF7E /* NetworkService.swift in Sources */ = {isa = PBXBuildFile; fileRef = 0033E8CE296964690095DF7E /* NetworkService.swift */; };
		0033E8D62969650D0095DF7E /* AllFilmsResponce.swift in Sources */ = {isa = PBXBuildFile; fileRef = 0033E8D52969650D0095DF7E /* AllFilmsResponce.swift */; };
		0033E8DC29696AAE0095DF7E /* GridCollectionViewCell.swift in Sources */ = {isa = PBXBuildFile; fileRef = 0033E8DB29696AAE0095DF7E /* GridCollectionViewCell.swift */; };
		0033E8DF296979A80095DF7E /* ProfileViewController.swift in Sources */ = {isa = PBXBuildFile; fileRef = 0033E8DE296979A80095DF7E /* ProfileViewController.swift */; };
		0033E8E2296AE36E0095DF7E /* SDWebImage in Frameworks */ = {isa = PBXBuildFile; productRef = 0033E8E1296AE36E0095DF7E /* SDWebImage */; };
		7FA9803C295B23D10053E050 /* AppDelegate.swift in Sources */ = {isa = PBXBuildFile; fileRef = 7FA9803B295B23D10053E050 /* AppDelegate.swift */; };
		7FA9803E295B23D10053E050 /* SceneDelegate.swift in Sources */ = {isa = PBXBuildFile; fileRef = 7FA9803D295B23D10053E050 /* SceneDelegate.swift */; };
		7FA98040295B23D10053E050 /* FilmsGridViewController.swift in Sources */ = {isa = PBXBuildFile; fileRef = 7FA9803F295B23D10053E050 /* FilmsGridViewController.swift */; };
		7FA98043295B23D10053E050 /* Main.storyboard in Resources */ = {isa = PBXBuildFile; fileRef = 7FA98041295B23D10053E050 /* Main.storyboard */; };
		7FA98045295B23D20053E050 /* Assets.xcassets in Resources */ = {isa = PBXBuildFile; fileRef = 7FA98044295B23D20053E050 /* Assets.xcassets */; };
		7FA98048295B23D20053E050 /* LaunchScreen.storyboard in Resources */ = {isa = PBXBuildFile; fileRef = 7FA98046295B23D20053E050 /* LaunchScreen.storyboard */; };
/* End PBXBuildFile section */

/* Begin PBXFileReference section */
		0033E8CA296964690095DF7E /* ErrorModel.swift */ = {isa = PBXFileReference; fileEncoding = 4; lastKnownFileType = sourcecode.swift; path = ErrorModel.swift; sourceTree = "<group>"; };
		0033E8CB296964690095DF7E /* RequestModel.swift */ = {isa = PBXFileReference; fileEncoding = 4; lastKnownFileType = sourcecode.swift; path = RequestModel.swift; sourceTree = "<group>"; };
		0033E8CC296964690095DF7E /* FilmsRequest.swift */ = {isa = PBXFileReference; fileEncoding = 4; lastKnownFileType = sourcecode.swift; path = FilmsRequest.swift; sourceTree = "<group>"; };
		0033E8CD296964690095DF7E /* ServiceManager.swift */ = {isa = PBXFileReference; fileEncoding = 4; lastKnownFileType = sourcecode.swift; path = ServiceManager.swift; sourceTree = "<group>"; };
		0033E8CE296964690095DF7E /* NetworkService.swift */ = {isa = PBXFileReference; fileEncoding = 4; lastKnownFileType = sourcecode.swift; path = NetworkService.swift; sourceTree = "<group>"; };
		0033E8D52969650D0095DF7E /* AllFilmsResponce.swift */ = {isa = PBXFileReference; lastKnownFileType = sourcecode.swift; path = AllFilmsResponce.swift; sourceTree = "<group>"; };
		0033E8DB29696AAE0095DF7E /* GridCollectionViewCell.swift */ = {isa = PBXFileReference; lastKnownFileType = sourcecode.swift; path = GridCollectionViewCell.swift; sourceTree = "<group>"; };
		0033E8DE296979A80095DF7E /* ProfileViewController.swift */ = {isa = PBXFileReference; lastKnownFileType = sourcecode.swift; path = ProfileViewController.swift; sourceTree = "<group>"; };
		7FA98038295B23D10053E050 /* ArtemProject.app */ = {isa = PBXFileReference; explicitFileType = wrapper.application; includeInIndex = 0; path = ArtemProject.app; sourceTree = BUILT_PRODUCTS_DIR; };
		7FA9803B295B23D10053E050 /* AppDelegate.swift */ = {isa = PBXFileReference; lastKnownFileType = sourcecode.swift; path = AppDelegate.swift; sourceTree = "<group>"; };
		7FA9803D295B23D10053E050 /* SceneDelegate.swift */ = {isa = PBXFileReference; lastKnownFileType = sourcecode.swift; path = SceneDelegate.swift; sourceTree = "<group>"; };
		7FA9803F295B23D10053E050 /* FilmsGridViewController.swift */ = {isa = PBXFileReference; lastKnownFileType = sourcecode.swift; path = FilmsGridViewController.swift; sourceTree = "<group>"; };
		7FA98042295B23D10053E050 /* Base */ = {isa = PBXFileReference; lastKnownFileType = file.storyboard; name = Base; path = Base.lproj/Main.storyboard; sourceTree = "<group>"; };
		7FA98044295B23D20053E050 /* Assets.xcassets */ = {isa = PBXFileReference; lastKnownFileType = folder.assetcatalog; path = Assets.xcassets; sourceTree = "<group>"; };
		7FA98047295B23D20053E050 /* Base */ = {isa = PBXFileReference; lastKnownFileType = file.storyboard; name = Base; path = Base.lproj/LaunchScreen.storyboard; sourceTree = "<group>"; };
		7FA98049295B23D20053E050 /* Info.plist */ = {isa = PBXFileReference; lastKnownFileType = text.plist.xml; path = Info.plist; sourceTree = "<group>"; };
/* End PBXFileReference section */

/* Begin PBXFrameworksBuildPhase section */
		7FA98035295B23D10053E050 /* Frameworks */ = {
			isa = PBXFrameworksBuildPhase;
			buildActionMask = 2147483647;
			files = (
				0033E8E2296AE36E0095DF7E /* SDWebImage in Frameworks */,
			);
			runOnlyForDeploymentPostprocessing = 0;
		};
/* End PBXFrameworksBuildPhase section */

/* Begin PBXGroup section */
		0033E8C92969644D0095DF7E /* Network */ = {
			isa = PBXGroup;
			children = (
				0033E8D72969655B0095DF7E /* Requests */,
				0033E8CA296964690095DF7E /* ErrorModel.swift */,
				0033E8CE296964690095DF7E /* NetworkService.swift */,
				0033E8CB296964690095DF7E /* RequestModel.swift */,
				0033E8CD296964690095DF7E /* ServiceManager.swift */,
			);
			path = Network;
			sourceTree = "<group>";
		};
		0033E8D4296964F70095DF7E /* Models */ = {
			isa = PBXGroup;
			children = (
				0033E8D52969650D0095DF7E /* AllFilmsResponce.swift */,
			);
			path = Models;
			sourceTree = "<group>";
		};
		0033E8D72969655B0095DF7E /* Requests */ = {
			isa = PBXGroup;
			children = (
				0033E8CC296964690095DF7E /* FilmsRequest.swift */,
			);
			path = Requests;
			sourceTree = "<group>";
		};
		0033E8D829696A6D0095DF7E /* Screens */ = {
			isa = PBXGroup;
			children = (
				0033E8DD296979890095DF7E /* ProfileView */,
				0033E8D929696A830095DF7E /* MainFilmsGridView */,
			);
			path = Screens;
			sourceTree = "<group>";
		};
		0033E8D929696A830095DF7E /* MainFilmsGridView */ = {
			isa = PBXGroup;
			children = (
				0033E8DA29696A9C0095DF7E /* GridCollectionViewCells */,
				7FA9803F295B23D10053E050 /* FilmsGridViewController.swift */,
			);
			path = MainFilmsGridView;
			sourceTree = "<group>";
		};
		0033E8DA29696A9C0095DF7E /* GridCollectionViewCells */ = {
			isa = PBXGroup;
			children = (
				0033E8DB29696AAE0095DF7E /* GridCollectionViewCell.swift */,
			);
			path = GridCollectionViewCells;
			sourceTree = "<group>";
		};
		0033E8DD296979890095DF7E /* ProfileView */ = {
			isa = PBXGroup;
			children = (
				0033E8DE296979A80095DF7E /* ProfileViewController.swift */,
			);
			path = ProfileView;
			sourceTree = "<group>";
		};
		7FA9802F295B23D10053E050 = {
			isa = PBXGroup;
			children = (
				7FA9803A295B23D10053E050 /* ArtemProject */,
				7FA98039295B23D10053E050 /* Products */,
			);
			sourceTree = "<group>";
		};
		7FA98039295B23D10053E050 /* Products */ = {
			isa = PBXGroup;
			children = (
				7FA98038295B23D10053E050 /* ArtemProject.app */,
			);
			name = Products;
			sourceTree = "<group>";
		};
		7FA9803A295B23D10053E050 /* ArtemProject */ = {
			isa = PBXGroup;
			children = (
				0033E8D829696A6D0095DF7E /* Screens */,
				0033E8D4296964F70095DF7E /* Models */,
				0033E8C92969644D0095DF7E /* Network */,
				7FA9803B295B23D10053E050 /* AppDelegate.swift */,
				7FA9803D295B23D10053E050 /* SceneDelegate.swift */,
				7FA98041295B23D10053E050 /* Main.storyboard */,
				7FA98044295B23D20053E050 /* Assets.xcassets */,
				7FA98046295B23D20053E050 /* LaunchScreen.storyboard */,
				7FA98049295B23D20053E050 /* Info.plist */,
			);
			path = ArtemProject;
			sourceTree = "<group>";
		};
/* End PBXGroup section */

/* Begin PBXNativeTarget section */
		7FA98037295B23D10053E050 /* ArtemProject */ = {
			isa = PBXNativeTarget;
			buildConfigurationList = 7FA9804C295B23D20053E050 /* Build configuration list for PBXNativeTarget "ArtemProject" */;
			buildPhases = (
				7FA98034295B23D10053E050 /* Sources */,
				7FA98035295B23D10053E050 /* Frameworks */,
				7FA98036295B23D10053E050 /* Resources */,
			);
			buildRules = (
			);
			dependencies = (
			);
			name = ArtemProject;
			packageProductDependencies = (
				0033E8E1296AE36E0095DF7E /* SDWebImage */,
			);
			productName = ArtemProject;
			productReference = 7FA98038295B23D10053E050 /* ArtemProject.app */;
			productType = "com.apple.product-type.application";
		};
/* End PBXNativeTarget section */

/* Begin PBXProject section */
		7FA98030295B23D10053E050 /* Project object */ = {
			isa = PBXProject;
			attributes = {
				BuildIndependentTargetsInParallel = 1;
				LastSwiftUpdateCheck = 1410;
				LastUpgradeCheck = 1410;
				TargetAttributes = {
					7FA98037295B23D10053E050 = {
						CreatedOnToolsVersion = 14.1;
					};
				};
			};
			buildConfigurationList = 7FA98033295B23D10053E050 /* Build configuration list for PBXProject "ArtemProject" */;
			compatibilityVersion = "Xcode 14.0";
			developmentRegion = en;
			hasScannedForEncodings = 0;
			knownRegions = (
				en,
				Base,
			);
			mainGroup = 7FA9802F295B23D10053E050;
			packageReferences = (
				0033E8E0296AE36E0095DF7E /* XCRemoteSwiftPackageReference "SDWebImage" */,
			);
			productRefGroup = 7FA98039295B23D10053E050 /* Products */;
			projectDirPath = "";
			projectRoot = "";
			targets = (
				7FA98037295B23D10053E050 /* ArtemProject */,
			);
		};
/* End PBXProject section */

/* Begin PBXResourcesBuildPhase section */
		7FA98036295B23D10053E050 /* Resources */ = {
			isa = PBXResourcesBuildPhase;
			buildActionMask = 2147483647;
			files = (
				7FA98048295B23D20053E050 /* LaunchScreen.storyboard in Resources */,
				7FA98045295B23D20053E050 /* Assets.xcassets in Resources */,
				7FA98043295B23D10053E050 /* Main.storyboard in Resources */,
			);
			runOnlyForDeploymentPostprocessing = 0;
		};
/* End PBXResourcesBuildPhase section */

/* Begin PBXSourcesBuildPhase section */
		7FA98034295B23D10053E050 /* Sources */ = {
			isa = PBXSourcesBuildPhase;
			buildActionMask = 2147483647;
			files = (
				0033E8D0296964690095DF7E /* RequestModel.swift in Sources */,
				7FA98040295B23D10053E050 /* FilmsGridViewController.swift in Sources */,
				0033E8D3296964690095DF7E /* NetworkService.swift in Sources */,
				0033E8D62969650D0095DF7E /* AllFilmsResponce.swift in Sources */,
				0033E8DC29696AAE0095DF7E /* GridCollectionViewCell.swift in Sources */,
				7FA9803C295B23D10053E050 /* AppDelegate.swift in Sources */,
				0033E8DF296979A80095DF7E /* ProfileViewController.swift in Sources */,
				0033E8CF296964690095DF7E /* ErrorModel.swift in Sources */,
				7FA9803E295B23D10053E050 /* SceneDelegate.swift in Sources */,
				0033E8D2296964690095DF7E /* ServiceManager.swift in Sources */,
				0033E8D1296964690095DF7E /* FilmsRequest.swift in Sources */,
			);
			runOnlyForDeploymentPostprocessing = 0;
		};
/* End PBXSourcesBuildPhase section */

/* Begin PBXVariantGroup section */
		7FA98041295B23D10053E050 /* Main.storyboard */ = {
			isa = PBXVariantGroup;
			children = (
				7FA98042295B23D10053E050 /* Base */,
			);
			name = Main.storyboard;
			sourceTree = "<group>";
		};
		7FA98046295B23D20053E050 /* LaunchScreen.storyboard */ = {
			isa = PBXVariantGroup;
			children = (
				7FA98047295B23D20053E050 /* Base */,
			);
			name = LaunchScreen.storyboard;
			sourceTree = "<group>";
		};
/* End PBXVariantGroup section */

/* Begin XCBuildConfiguration section */
		7FA9804A295B23D20053E050 /* Debug */ = {
			isa = XCBuildConfiguration;
			buildSettings = {
				ALWAYS_SEARCH_USER_PATHS = NO;
				CLANG_ANALYZER_NONNULL = YES;
				CLANG_ANALYZER_NUMBER_OBJECT_CONVERSION = YES_AGGRESSIVE;
				CLANG_CXX_LANGUAGE_STANDARD = "gnu++20";
				CLANG_ENABLE_MODULES = YES;
				CLANG_ENABLE_OBJC_ARC = YES;
				CLANG_ENABLE_OBJC_WEAK = YES;
				CLANG_WARN_BLOCK_CAPTURE_AUTORELEASING = YES;
				CLANG_WARN_BOOL_CONVERSION = YES;
				CLANG_WARN_COMMA = YES;
				CLANG_WARN_CONSTANT_CONVERSION = YES;
				CLANG_WARN_DEPRECATED_OBJC_IMPLEMENTATIONS = YES;
				CLANG_WARN_DIRECT_OBJC_ISA_USAGE = YES_ERROR;
				CLANG_WARN_DOCUMENTATION_COMMENTS = YES;
				CLANG_WARN_EMPTY_BODY = YES;
				CLANG_WARN_ENUM_CONVERSION = YES;
				CLANG_WARN_INFINITE_RECURSION = YES;
				CLANG_WARN_INT_CONVERSION = YES;
				CLANG_WARN_NON_LITERAL_NULL_CONVERSION = YES;
				CLANG_WARN_OBJC_IMPLICIT_RETAIN_SELF = YES;
				CLANG_WARN_OBJC_LITERAL_CONVERSION = YES;
				CLANG_WARN_OBJC_ROOT_CLASS = YES_ERROR;
				CLANG_WARN_QUOTED_INCLUDE_IN_FRAMEWORK_HEADER = YES;
				CLANG_WARN_RANGE_LOOP_ANALYSIS = YES;
				CLANG_WARN_STRICT_PROTOTYPES = YES;
				CLANG_WARN_SUSPICIOUS_MOVE = YES;
				CLANG_WARN_UNGUARDED_AVAILABILITY = YES_AGGRESSIVE;
				CLANG_WARN_UNREACHABLE_CODE = YES;
				CLANG_WARN__DUPLICATE_METHOD_MATCH = YES;
				COPY_PHASE_STRIP = NO;
				DEBUG_INFORMATION_FORMAT = dwarf;
				ENABLE_STRICT_OBJC_MSGSEND = YES;
				ENABLE_TESTABILITY = YES;
				GCC_C_LANGUAGE_STANDARD = gnu11;
				GCC_DYNAMIC_NO_PIC = NO;
				GCC_NO_COMMON_BLOCKS = YES;
				GCC_OPTIMIZATION_LEVEL = 0;
				GCC_PREPROCESSOR_DEFINITIONS = (
					"DEBUG=1",
					"$(inherited)",
				);
				GCC_WARN_64_TO_32_BIT_CONVERSION = YES;
				GCC_WARN_ABOUT_RETURN_TYPE = YES_ERROR;
				GCC_WARN_UNDECLARED_SELECTOR = YES;
				GCC_WARN_UNINITIALIZED_AUTOS = YES_AGGRESSIVE;
				GCC_WARN_UNUSED_FUNCTION = YES;
				GCC_WARN_UNUSED_VARIABLE = YES;
				IPHONEOS_DEPLOYMENT_TARGET = 16.1;
				MTL_ENABLE_DEBUG_INFO = INCLUDE_SOURCE;
				MTL_FAST_MATH = YES;
				ONLY_ACTIVE_ARCH = YES;
				SDKROOT = iphoneos;
				SWIFT_ACTIVE_COMPILATION_CONDITIONS = DEBUG;
				SWIFT_OPTIMIZATION_LEVEL = "-Onone";
			};
			name = Debug;
		};
		7FA9804B295B23D20053E050 /* Release */ = {
			isa = XCBuildConfiguration;
			buildSettings = {
				ALWAYS_SEARCH_USER_PATHS = NO;
				CLANG_ANALYZER_NONNULL = YES;
				CLANG_ANALYZER_NUMBER_OBJECT_CONVERSION = YES_AGGRESSIVE;
				CLANG_CXX_LANGUAGE_STANDARD = "gnu++20";
				CLANG_ENABLE_MODULES = YES;
				CLANG_ENABLE_OBJC_ARC = YES;
				CLANG_ENABLE_OBJC_WEAK = YES;
				CLANG_WARN_BLOCK_CAPTURE_AUTORELEASING = YES;
				CLANG_WARN_BOOL_CONVERSION = YES;
				CLANG_WARN_COMMA = YES;
				CLANG_WARN_CONSTANT_CONVERSION = YES;
				CLANG_WARN_DEPRECATED_OBJC_IMPLEMENTATIONS = YES;
				CLANG_WARN_DIRECT_OBJC_ISA_USAGE = YES_ERROR;
				CLANG_WARN_DOCUMENTATION_COMMENTS = YES;
				CLANG_WARN_EMPTY_BODY = YES;
				CLANG_WARN_ENUM_CONVERSION = YES;
				CLANG_WARN_INFINITE_RECURSION = YES;
				CLANG_WARN_INT_CONVERSION = YES;
				CLANG_WARN_NON_LITERAL_NULL_CONVERSION = YES;
				CLANG_WARN_OBJC_IMPLICIT_RETAIN_SELF = YES;
				CLANG_WARN_OBJC_LITERAL_CONVERSION = YES;
				CLANG_WARN_OBJC_ROOT_CLASS = YES_ERROR;
				CLANG_WARN_QUOTED_INCLUDE_IN_FRAMEWORK_HEADER = YES;
				CLANG_WARN_RANGE_LOOP_ANALYSIS = YES;
				CLANG_WARN_STRICT_PROTOTYPES = YES;
				CLANG_WARN_SUSPICIOUS_MOVE = YES;
				CLANG_WARN_UNGUARDED_AVAILABILITY = YES_AGGRESSIVE;
				CLANG_WARN_UNREACHABLE_CODE = YES;
				CLANG_WARN__DUPLICATE_METHOD_MATCH = YES;
				COPY_PHASE_STRIP = NO;
				DEBUG_INFORMATION_FORMAT = "dwarf-with-dsym";
				ENABLE_NS_ASSERTIONS = NO;
				ENABLE_STRICT_OBJC_MSGSEND = YES;
				GCC_C_LANGUAGE_STANDARD = gnu11;
				GCC_NO_COMMON_BLOCKS = YES;
				GCC_WARN_64_TO_32_BIT_CONVERSION = YES;
				GCC_WARN_ABOUT_RETURN_TYPE = YES_ERROR;
				GCC_WARN_UNDECLARED_SELECTOR = YES;
				GCC_WARN_UNINITIALIZED_AUTOS = YES_AGGRESSIVE;
				GCC_WARN_UNUSED_FUNCTION = YES;
				GCC_WARN_UNUSED_VARIABLE = YES;
				IPHONEOS_DEPLOYMENT_TARGET = 16.1;
				MTL_ENABLE_DEBUG_INFO = NO;
				MTL_FAST_MATH = YES;
				SDKROOT = iphoneos;
				SWIFT_COMPILATION_MODE = wholemodule;
				SWIFT_OPTIMIZATION_LEVEL = "-O";
				VALIDATE_PRODUCT = YES;
			};
			name = Release;
		};
		7FA9804D295B23D20053E050 /* Debug */ = {
			isa = XCBuildConfiguration;
			buildSettings = {
				ASSETCATALOG_COMPILER_APPICON_NAME = AppIcon;
				ASSETCATALOG_COMPILER_GLOBAL_ACCENT_COLOR_NAME = AccentColor;
				CODE_SIGN_STYLE = Automatic;
				CURRENT_PROJECT_VERSION = 1;
				DEVELOPMENT_TEAM = 7RAT55JSF3;
				GENERATE_INFOPLIST_FILE = YES;
				INFOPLIST_FILE = ArtemProject/Info.plist;
				INFOPLIST_KEY_UIApplicationSupportsIndirectInputEvents = YES;
				INFOPLIST_KEY_UILaunchStoryboardName = LaunchScreen;
				INFOPLIST_KEY_UIMainStoryboardFile = Main;
				INFOPLIST_KEY_UISupportedInterfaceOrientations_iPad = "UIInterfaceOrientationPortrait UIInterfaceOrientationPortraitUpsideDown UIInterfaceOrientationLandscapeLeft UIInterfaceOrientationLandscapeRight";
				INFOPLIST_KEY_UISupportedInterfaceOrientations_iPhone = "UIInterfaceOrientationPortrait UIInterfaceOrientationLandscapeLeft UIInterfaceOrientationLandscapeRight";
				IPHONEOS_DEPLOYMENT_TARGET = 16.0;
				LD_RUNPATH_SEARCH_PATHS = (
					"$(inherited)",
					"@executable_path/Frameworks",
				);
				MARKETING_VERSION = 1.0;
				PRODUCT_BUNDLE_IDENTIFIER = LearningSwift.ArtemProject;
				PRODUCT_NAME = "$(TARGET_NAME)";
				SWIFT_EMIT_LOC_STRINGS = YES;
				SWIFT_VERSION = 5.0;
				TARGETED_DEVICE_FAMILY = "1,2";
			};
			name = Debug;
		};
		7FA9804E295B23D20053E050 /* Release */ = {
			isa = XCBuildConfiguration;
			buildSettings = {
				ASSETCATALOG_COMPILER_APPICON_NAME = AppIcon;
				ASSETCATALOG_COMPILER_GLOBAL_ACCENT_COLOR_NAME = AccentColor;
				CODE_SIGN_STYLE = Automatic;
				CURRENT_PROJECT_VERSION = 1;
				DEVELOPMENT_TEAM = 7RAT55JSF3;
				GENERATE_INFOPLIST_FILE = YES;
				INFOPLIST_FILE = ArtemProject/Info.plist;
				INFOPLIST_KEY_UIApplicationSupportsIndirectInputEvents = YES;
				INFOPLIST_KEY_UILaunchStoryboardName = LaunchScreen;
				INFOPLIST_KEY_UIMainStoryboardFile = Main;
				INFOPLIST_KEY_UISupportedInterfaceOrientations_iPad = "UIInterfaceOrientationPortrait UIInterfaceOrientationPortraitUpsideDown UIInterfaceOrientationLandscapeLeft UIInterfaceOrientationLandscapeRight";
				INFOPLIST_KEY_UISupportedInterfaceOrientations_iPhone = "UIInterfaceOrientationPortrait UIInterfaceOrientationLandscapeLeft UIInterfaceOrientationLandscapeRight";
				IPHONEOS_DEPLOYMENT_TARGET = 16.0;
				LD_RUNPATH_SEARCH_PATHS = (
					"$(inherited)",
					"@executable_path/Frameworks",
				);
				MARKETING_VERSION = 1.0;
				PRODUCT_BUNDLE_IDENTIFIER = LearningSwift.ArtemProject;
				PRODUCT_NAME = "$(TARGET_NAME)";
				SWIFT_EMIT_LOC_STRINGS = YES;
				SWIFT_VERSION = 5.0;
				TARGETED_DEVICE_FAMILY = "1,2";
			};
			name = Release;
		};
/* End XCBuildConfiguration section */

/* Begin XCConfigurationList section */
		7FA98033295B23D10053E050 /* Build configuration list for PBXProject "ArtemProject" */ = {
			isa = XCConfigurationList;
			buildConfigurations = (
				7FA9804A295B23D20053E050 /* Debug */,
				7FA9804B295B23D20053E050 /* Release */,
			);
			defaultConfigurationIsVisible = 0;
			defaultConfigurationName = Release;
		};
		7FA9804C295B23D20053E050 /* Build configuration list for PBXNativeTarget "ArtemProject" */ = {
			isa = XCConfigurationList;
			buildConfigurations = (
				7FA9804D295B23D20053E050 /* Debug */,
				7FA9804E295B23D20053E050 /* Release */,
			);
			defaultConfigurationIsVisible = 0;
			defaultConfigurationName = Release;
		};
/* End XCConfigurationList section */

/* Begin XCRemoteSwiftPackageReference section */
		0033E8E0296AE36E0095DF7E /* XCRemoteSwiftPackageReference "SDWebImage" */ = {
			isa = XCRemoteSwiftPackageReference;
			repositoryURL = "https://github.com/SDWebImage/SDWebImage";
			requirement = {
				branch = master;
				kind = branch;
			};
		};
/* End XCRemoteSwiftPackageReference section */

/* Begin XCSwiftPackageProductDependency section */
		0033E8E1296AE36E0095DF7E /* SDWebImage */ = {
			isa = XCSwiftPackageProductDependency;
			package = 0033E8E0296AE36E0095DF7E /* XCRemoteSwiftPackageReference "SDWebImage" */;
			productName = SDWebImage;
		};
/* End XCSwiftPackageProductDependency section */
	};
	rootObject = 7FA98030295B23D10053E050 /* Project object */;
}
